{
  "version": 4,
  "terraform_version": "1.0.5",
  "serial": 51,
  "lineage": "6de5c37c-506f-c763-651b-3840c39edd06",
  "outputs": {
    "external_ip_address_vm_1": {
      "value": "178.154.212.100",
      "type": "string"
    },
    "external_ip_address_vm_2": {
      "value": "178.154.211.62",
      "type": "string"
    },
    "internal_ip_address_vm_1": {
      "value": "192.168.10.27",
      "type": "string"
    },
    "internal_ip_address_vm_2": {
      "value": "192.168.10.8",
      "type": "string"
    }
  },
  "resources": [
    {
      "mode": "managed",
      "type": "yandex_compute_instance",
      "name": "vm-1",
      "provider": "provider[\"registry.terraform.io/yandex-cloud/yandex\"]",
      "instances": [
        {
          "schema_version": 1,
          "attributes": {
            "allow_stopping_for_update": null,
            "boot_disk": [
              {
                "auto_delete": true,
                "device_name": "ef3pif2jc0v2oap0nn3e",
                "disk_id": "ef3pif2jc0v2oap0nn3e",
                "initialize_params": [
                  {
                    "description": "",
                    "image_id": "fd83klic6c8gfgi40urb",
                    "name": "",
                    "size": 3,
                    "snapshot_id": "",
                    "type": "network-hdd"
                  }
                ],
                "mode": "READ_WRITE"
              }
            ],
            "created_at": "2021-08-27T18:06:11Z",
            "description": "",
            "folder_id": "b1gt4mauq7s0gcln199b",
            "fqdn": "ef3fn3ndl71q77ottaqi.auto.internal",
            "hostname": "ef3fn3ndl71q77ottaqi",
            "id": "ef3fn3ndl71q77ottaqi",
            "labels": null,
            "metadata": {
              "ssh-keys": "ubuntu:ssh-rsa AAAAB3NzaC1yc2EAAAADAQABAAABAQCmOqtfeigXnWbTzqYpHs/KExbOnd/EsWBzUPh1AhEd4bHgFD8UDqv5xebw2vIIVohqV6PhflaaPUDC7mOQKIKqunBPm9xTY5MUF0clBEHtOf/CN8WJm/AwJMXJ7Q6FLhC+XL/3CmNSZaSfzuCffbCF0vfoL+jeuChrVuH8MfxkcMXGUqKAy0ZsJYF+aOL/GiGsVUyxRl6adbjogFv0e9uO42r1QpB8Ho28Pjbnk0O2O+q3qgkMbMdCfbqibF6R4XbD1MweocKVzqyfgYsohlP+BsPvazZY3Z8uc1huIjBSJuRZU7INjbbLRNLUdGJN4gHj5lUhaOs/gPKy5CDn52bd bob@MacBook-Air-Vladimir.local\n"
            },
            "name": "terraform1",
            "network_acceleration_type": "standard",
            "network_interface": [
              {
                "dns_record": [],
                "index": 0,
                "ip_address": "192.168.10.27",
                "ipv4": true,
                "ipv6": false,
                "ipv6_address": "",
                "ipv6_dns_record": [],
                "mac_address": "d0:0d:fb:8e:ed:a9",
                "nat": true,
                "nat_dns_record": [],
                "nat_ip_address": "178.154.212.100",
                "nat_ip_version": "IPV4",
                "security_group_ids": [],
                "subnet_id": "b0citahdiqsik8pictqn"
              }
            ],
            "placement_policy": [
              {
                "placement_group_id": ""
              }
            ],
            "platform_id": "standard-v1",
            "resources": [
              {
                "core_fraction": 100,
                "cores": 2,
                "gpus": 0,
                "memory": 2
              }
            ],
            "scheduling_policy": [
              {
                "preemptible": false
              }
            ],
            "secondary_disk": [],
            "service_account_id": "",
            "status": "running",
            "timeouts": null,
            "zone": "ru-central1-c"
          },
          "sensitive_attributes": [],
          "private": "eyJlMmJmYjczMC1lY2FhLTExZTYtOGY4OC0zNDM2M2JjN2M0YzAiOnsiY3JlYXRlIjozMDAwMDAwMDAwMDAsImRlbGV0ZSI6MzAwMDAwMDAwMDAwLCJ1cGRhdGUiOjMwMDAwMDAwMDAwMH0sInNjaGVtYV92ZXJzaW9uIjoiMSJ9",
          "dependencies": [
            "yandex_vpc_network.network-1",
            "yandex_vpc_subnet.subnet-1"
          ]
        }
      ]
    },
    {
      "mode": "managed",
      "type": "yandex_compute_instance",
      "name": "vm-2",
      "provider": "provider[\"registry.terraform.io/yandex-cloud/yandex\"]",
      "instances": [
        {
          "schema_version": 1,
          "attributes": {
            "allow_stopping_for_update": null,
            "boot_disk": [
              {
                "auto_delete": true,
                "device_name": "ef36vb63cq0410cih8lb",
                "disk_id": "ef36vb63cq0410cih8lb",
                "initialize_params": [
                  {
                    "description": "",
                    "image_id": "fd83klic6c8gfgi40urb",
                    "name": "",
                    "size": 3,
                    "snapshot_id": "",
                    "type": "network-hdd"
                  }
                ],
                "mode": "READ_WRITE"
              }
            ],
            "created_at": "2021-08-27T18:06:11Z",
            "description": "",
            "folder_id": "b1gt4mauq7s0gcln199b",
            "fqdn": "ef3hqme9etbi62s863ru.auto.internal",
            "hostname": "ef3hqme9etbi62s863ru",
            "id": "ef3hqme9etbi62s863ru",
            "labels": null,
            "metadata": {
              "user-data": "#cloud-config\nusers:\n  - name: bob\n    groups: sudo\n    shell: /bin/bash\n    sudo: ['ALL=(ALL) NOPASSWD:ALL']\n    ssh-authorized-keys:\n      - ssh-rsa AAAAB3NzaC1yc2EAAAADAQABAAABAQDVwv0pfMoV+Jl3mgdLd0vD9R9SqMybgJ6SOPrfk1ulHIcI58XhCENFFcnLsbuSwyLUZeoZ1MM1L6XB2UfPQVSzhpqz+mDK1SWatxCSLvqvfdmwcqV0KskK3kdX3k6iUbH9ETsy7Qxsi9J62p2CPjWBvaXOiP1BjYvG59E+SdkoaocqKFt1LeNftv3A3+0R7cFbxAcSTdHbcPRJ05l2GJFypkL2Vt166Ipq6SmOgeCJGx4DAB2rmxXcye0locm36O5DSYd+kQN4wQlO+nedCUnyREKMHD08kzzR/WaR2woBjKgW0qCTMhAI5ALPZOtaoFYVyY2PLJ7KQIueDWXzrp5R bob@iMac-HW-iMac27-9.local\n      - ssh-rsa AAAAB3NzaC1yc2EAAAADAQABAAABAQDZNoOd/paa3tRXlRuo+X64Uf1UGQ94+x+7g04edWmgzECQKvTYTs2AZqmRpMGBhXI73rmsOyUqDrHaeimyYUHN0iNKsjYxBKYfGuMIQSpc2V4R//2JonGZxUPMHKX2JLZ61rrw4pQe6Ydw8SzsEQ/pFmnyyuMqcp4zJWEgptjKvriV1DFuStEUqRDidB0SREwb+fqq1v33RBWXcaWSfHJPayy1ZeUfb3ESnulR+gJBuu60ceZUgh3eZw4yJL9IN0EuOoDcPCoOne96mSeSFs/sNGZXdd2ZUzYnxiPoslTONfozkowtNIPf3wKcIqRvfjaJphvcRa+ULrDHsk2tFBvL bob@Bob-ZalmanL\n      - ssh-rsa AAAAB3NzaC1yc2EAAAADAQABAAABAQDRWkp9RbHiqQR77L/9kqS9I2Kn1OEujXCPoVUGnOOytdVvjVZ5bRqs8xMREviCANIRhHhZ1esq7lsmo5LHRKM5igTD+CfzBO2OqXVlk422Vho4b5GWrzJsvDtWQt5XZiJ7xmN6/jhOqaAVDAWIP1fA50nIJcoBtSWzr7PW3gaKmOcm5iuPhHaFbsL9d+0iepLC28ZL2dr1M6eSLnjZ5DGZ0gijp/6xKMJbrYg0M+QdcKkBsORpGg7kXbJxFiXnJhMkJJKHorsOnWKmnxkBXiq0noZiG/qULnynsIPWSI02BAbFMRxr63rXzJSVp5FOHtTVIoE5aehAkYWpH2Ihrp9F bob@MacBook-Air-Vladimir.local\n      - ssh-rsa AAAAB3NzaC1yc2EAAAADAQABAAABAQCmOqtfeigXnWbTzqYpHs/KExbOnd/EsWBzUPh1AhEd4bHgFD8UDqv5xebw2vIIVohqV6PhflaaPUDC7mOQKIKqunBPm9xTY5MUF0clBEHtOf/CN8WJm/AwJMXJ7Q6FLhC+XL/3CmNSZaSfzuCffbCF0vfoL+jeuChrVuH8MfxkcMXGUqKAy0ZsJYF+aOL/GiGsVUyxRl6adbjogFv0e9uO42r1QpB8Ho28Pjbnk0O2O+q3qgkMbMdCfbqibF6R4XbD1MweocKVzqyfgYsohlP+BsPvazZY3Z8uc1huIjBSJuRZU7INjbbLRNLUdGJN4gHj5lUhaOs/gPKy5CDn52bd bob@MacBook-Air-Vladimir.local\n"
            },
            "name": "terraform2",
            "network_acceleration_type": "standard",
            "network_interface": [
              {
                "dns_record": [],
                "index": 0,
                "ip_address": "192.168.10.8",
                "ipv4": true,
                "ipv6": false,
                "ipv6_address": "",
                "ipv6_dns_record": [],
                "mac_address": "d0:0d:11:d5:9c:97",
                "nat": true,
                "nat_dns_record": [],
                "nat_ip_address": "178.154.211.62",
                "nat_ip_version": "IPV4",
                "security_group_ids": [],
                "subnet_id": "b0citahdiqsik8pictqn"
              }
            ],
            "placement_policy": [
              {
                "placement_group_id": ""
              }
            ],
            "platform_id": "standard-v1",
            "resources": [
              {
                "core_fraction": 100,
                "cores": 4,
                "gpus": 0,
                "memory": 4
              }
            ],
            "scheduling_policy": [
              {
                "preemptible": false
              }
            ],
            "secondary_disk": [],
            "service_account_id": "",
            "status": "running",
            "timeouts": null,
            "zone": "ru-central1-c"
          },
          "sensitive_attributes": [],
          "private": "eyJlMmJmYjczMC1lY2FhLTExZTYtOGY4OC0zNDM2M2JjN2M0YzAiOnsiY3JlYXRlIjozMDAwMDAwMDAwMDAsImRlbGV0ZSI6MzAwMDAwMDAwMDAwLCJ1cGRhdGUiOjMwMDAwMDAwMDAwMH0sInNjaGVtYV92ZXJzaW9uIjoiMSJ9",
          "dependencies": [
            "yandex_vpc_network.network-1",
            "yandex_vpc_subnet.subnet-1"
          ]
        }
      ]
    },
    {
      "mode": "managed",
      "type": "yandex_vpc_network",
      "name": "network-1",
      "provider": "provider[\"registry.terraform.io/yandex-cloud/yandex\"]",
      "instances": [
        {
          "schema_version": 0,
          "attributes": {
            "created_at": "2021-08-27T18:06:09Z",
            "default_security_group_id": "",
            "description": "",
            "folder_id": "b1gt4mauq7s0gcln199b",
            "id": "enp1omcfeb3lrjmckgej",
            "labels": null,
            "name": "network1",
            "subnet_ids": [],
            "timeouts": null
          },
          "sensitive_attributes": [],
          "private": "eyJlMmJmYjczMC1lY2FhLTExZTYtOGY4OC0zNDM2M2JjN2M0YzAiOnsiY3JlYXRlIjo2MDAwMDAwMDAwMCwiZGVsZXRlIjo2MDAwMDAwMDAwMCwidXBkYXRlIjo2MDAwMDAwMDAwMH19"
        }
      ]
    },
    {
      "mode": "managed",
      "type": "yandex_vpc_subnet",
      "name": "subnet-1",
      "provider": "provider[\"registry.terraform.io/yandex-cloud/yandex\"]",
      "instances": [
        {
          "schema_version": 0,
          "attributes": {
            "created_at": "2021-08-27T18:06:10Z",
            "description": "",
            "dhcp_options": [],
            "folder_id": "b1gt4mauq7s0gcln199b",
            "id": "b0citahdiqsik8pictqn",
            "labels": null,
            "name": "subnet1",
            "network_id": "enp1omcfeb3lrjmckgej",
            "route_table_id": "",
            "timeouts": null,
            "v4_cidr_blocks": [
              "192.168.10.0/24"
            ],
            "v6_cidr_blocks": [],
            "zone": "ru-central1-c"
          },
          "sensitive_attributes": [],
          "private": "eyJlMmJmYjczMC1lY2FhLTExZTYtOGY4OC0zNDM2M2JjN2M0YzAiOnsiY3JlYXRlIjoxODAwMDAwMDAwMDAsImRlbGV0ZSI6MTgwMDAwMDAwMDAwLCJ1cGRhdGUiOjE4MDAwMDAwMDAwMH19",
          "dependencies": [
            "yandex_vpc_network.network-1"
          ]
        }
      ]
    }
  ]
}
